
Microsoft Visual Studio Solution File, Format Version 12.00
# Visual Studio 15
VisualStudioVersion = 15.0.28307.2092
MinimumVisualStudioVersion = 10.0.40219.1
Project("{FAE04EC0-301F-11D3-BF4B-00C04F79EFBC}") = "JsonTreeApplication", "JsonTreeApplication\JsonTreeApplication.csproj", "{BAE3512F-F904-45BA-9680-2EAF74015795}"
EndProject
Project("{54435603-DBB4-11D2-8724-00A0C9A8B90C}") = "JsonTreeSetup", "JsonTreeSetup\JsonTreeSetup.vdproj", "{29E157BA-FDE8-4F67-B517-146BED56671C}"
EndProject
Global
	GlobalSection(SolutionConfigurationPlatforms) = preSolution
		Debug|Any CPU = Debug|Any CPU
		Release|Any CPU = Release|Any CPU
	EndGlobalSection
	GlobalSection(ProjectConfigurationPlatforms) = postSolution
		{BAE3512F-F904-45BA-9680-2EAF74015795}.Debug|Any CPU.ActiveCfg = Debug|Any CPU
		{BAE3512F-F904-45BA-9680-2EAF74015795}.Debug|Any CPU.Build.0 = Debug|Any CPU
		{BAE3512F-F904-45BA-9680-2EAF74015795}.Release|Any CPU.ActiveCfg = Release|Any CPU
		{BAE3512F-F904-45BA-9680-2EAF74015795}.Release|Any CPU.Build.0 = Release|Any CPU
		{29E157BA-FDE8-4F67-B517-146BED56671C}.Debug|Any CPU.ActiveCfg = Debug
		{29E157BA-FDE8-4F67-B517-146BED56671C}.Release|Any CPU.ActiveCfg = Release
	EndGlobalSection
	GlobalSection(SolutionProperties) = preSolution
		HideSolutionNode = FALSE
	EndGlobalSection
	GlobalSection(ExtensibilityGlobals) = postSolution
		SolutionGuid = {F3DEE389-2A51-4DF1-B1D2-C9C5EB4E78BA}
	EndGlobalSection
EndGlobal
